
Microsoft Visual Studio Solution File, Format Version 12.00
# Visual Studio Version 16
VisualStudioVersion = 16.0.30621.155
MinimumVisualStudioVersion = 10.0.40219.1
Project("{8BC9CEB8-8B4A-11D0-8D11-00A0C91BC942}") = "TextEditor", "TextEditor.vcxproj", "{DB524598-17B1-4E3C-880F-BD936F87CB5F}"
EndProject
Global
	GlobalSection(SolutionConfigurationPlatforms) = preSolution
		Debug|x64 = Debug|x64
		Debug|x86 = Debug|x86
		Release|x64 = Release|x64
		Release|x86 = Release|x86
	EndGlobalSection
	GlobalSection(ProjectConfigurationPlatforms) = postSolution
		{DB524598-17B1-4E3C-880F-BD936F87CB5F}.Debug|x64.ActiveCfg = Debug|x64
		{DB524598-17B1-4E3C-880F-BD936F87CB5F}.Debug|x64.Build.0 = Debug|x64
		{DB524598-17B1-4E3C-880F-BD936F87CB5F}.Debug|x86.ActiveCfg = Debug|Win32
		{DB524598-17B1-4E3C-880F-BD936F87CB5F}.Debug|x86.Build.0 = Debug|Win32
		{DB524598-17B1-4E3C-880F-BD936F87CB5F}.Release|x64.ActiveCfg = Release|x64
		{DB524598-17B1-4E3C-880F-BD936F87CB5F}.Release|x64.Build.0 = Release|x64
		{DB524598-17B1-4E3C-880F-BD936F87CB5F}.Release|x86.ActiveCfg = Release|Win32
		{DB524598-17B1-4E3C-880F-BD936F87CB5F}.Release|x86.Build.0 = Release|Win32
	EndGlobalSection
	GlobalSection(SolutionProperties) = preSolution
		HideSolutionNode = FALSE
	EndGlobalSection
	GlobalSection(ExtensibilityGlobals) = postSolution
		SolutionGuid = {27AE2E3D-D867-4845-8E00-A3AA4201F8A8}
	EndGlobalSection
EndGlobal
